// !$*UTF8*$!
{
	archiveVersion = 1;
	classes = {
	};
	objectVersion = 50;
	objects = {

/* Begin PBXBuildFile section */
		020208A923C2EDF400159427 /* SwolKit.h in Headers */ = {isa = PBXBuildFile; fileRef = 020208A723C2EDF400159427 /* SwolKit.h */; settings = {ATTRIBUTES = (Public, ); }; };
		020208AC23C2EDF400159427 /* SwolKit.framework in Frameworks */ = {isa = PBXBuildFile; fileRef = 020208A523C2EDF400159427 /* SwolKit.framework */; };
		020208AD23C2EDF400159427 /* SwolKit.framework in Embed Frameworks */ = {isa = PBXBuildFile; fileRef = 020208A523C2EDF400159427 /* SwolKit.framework */; settings = {ATTRIBUTES = (CodeSignOnCopy, RemoveHeadersOnCopy, ); }; };
		020208B423C2EE9E00159427 /* DataModel.xcdatamodeld in Sources */ = {isa = PBXBuildFile; fileRef = 020208B223C2EE9E00159427 /* DataModel.xcdatamodeld */; };
		020208B723C2EED000159427 /* Device+CoreDataClass.swift in Sources */ = {isa = PBXBuildFile; fileRef = 020208B523C2EED000159427 /* Device+CoreDataClass.swift */; };
		020208B823C2EED000159427 /* Device+CoreDataProperties.swift in Sources */ = {isa = PBXBuildFile; fileRef = 020208B623C2EED000159427 /* Device+CoreDataProperties.swift */; };
		020208C423C2F0C600159427 /* Awake.swift in Sources */ = {isa = PBXBuildFile; fileRef = 02D5786F23C03693001FA8A5 /* Awake.swift */; };
		020208C623C2F36400159427 /* DataController.swift in Sources */ = {isa = PBXBuildFile; fileRef = 020208C523C2F36400159427 /* DataController.swift */; };
		020208CA23C2F41500159427 /* StringExtension.swift in Sources */ = {isa = PBXBuildFile; fileRef = 020208C923C2F41500159427 /* StringExtension.swift */; };
		0211BAB123C3FAD400867893 /* DataModel.xcdatamodeld in Sources */ = {isa = PBXBuildFile; fileRef = 020208B223C2EE9E00159427 /* DataModel.xcdatamodeld */; };
		0211BAB323C3FAE200867893 /* Intents.intentdefinition in Sources */ = {isa = PBXBuildFile; fileRef = 02C11C8C23C38AAC00920674 /* Intents.intentdefinition */; };
		0211BAB423C4080000867893 /* StringExtension.swift in Sources */ = {isa = PBXBuildFile; fileRef = 020208C923C2F41500159427 /* StringExtension.swift */; };
		0211BAB623C4085F00867893 /* DetailViewController.swift in Sources */ = {isa = PBXBuildFile; fileRef = 0211BAB523C4085F00867893 /* DetailViewController.swift */; };
		024024BC23C048500065B8DD /* Localizable.strings in Resources */ = {isa = PBXBuildFile; fileRef = 024024BE23C048500065B8DD /* Localizable.strings */; };
		024024C123C050830065B8DD /* TextTableViewCell.swift in Sources */ = {isa = PBXBuildFile; fileRef = 024024C023C050830065B8DD /* TextTableViewCell.swift */; };
		024024C323C050D70065B8DD /* TextTableViewCell.xib in Resources */ = {isa = PBXBuildFile; fileRef = 024024C223C050D70065B8DD /* TextTableViewCell.xib */; };
		028801BE23C398BA0079D8F6 /* NSUserActivities + IntentData.swift in Sources */ = {isa = PBXBuildFile; fileRef = 028801B923C396D60079D8F6 /* NSUserActivities + IntentData.swift */; };
		0289B22923C03DE300D610AB /* DevicesTableViewController.swift in Sources */ = {isa = PBXBuildFile; fileRef = 0289B22823C03DE300D610AB /* DevicesTableViewController.swift */; };
		02942E5523C3F4AB00EB2148 /* DataModel.xcdatamodeld in Sources */ = {isa = PBXBuildFile; fileRef = 020208B223C2EE9E00159427 /* DataModel.xcdatamodeld */; };
		02942E5823C3F6E800EB2148 /* NSPersistentContainer.swift in Sources */ = {isa = PBXBuildFile; fileRef = 02942E5723C3F6E800EB2148 /* NSPersistentContainer.swift */; };
		02C11C6B23C389EB00920674 /* IntentHandler.swift in Sources */ = {isa = PBXBuildFile; fileRef = 02C11C6A23C389EB00920674 /* IntentHandler.swift */; };
		02C11C8123C389EB00920674 /* SWoLIntents.appex in Embed App Extensions */ = {isa = PBXBuildFile; fileRef = 02C11C6823C389EB00920674 /* SWoLIntents.appex */; settings = {ATTRIBUTES = (RemoveHeadersOnCopy, ); }; };
		02C11C8D23C38AAC00920674 /* Intents.intentdefinition in Sources */ = {isa = PBXBuildFile; fileRef = 02C11C8C23C38AAC00920674 /* Intents.intentdefinition */; settings = {ATTRIBUTES = (no_codegen, ); }; };
		02C11C9023C38D7000920674 /* Localizable.strings in Resources */ = {isa = PBXBuildFile; fileRef = 024024BE23C048500065B8DD /* Localizable.strings */; };
		02C11C9123C38D7100920674 /* Localizable.strings in Resources */ = {isa = PBXBuildFile; fileRef = 024024BE23C048500065B8DD /* Localizable.strings */; };
		02C11C9623C38EDF00920674 /* Device + Intents.swift in Sources */ = {isa = PBXBuildFile; fileRef = 02C11C8E23C38D5400920674 /* Device + Intents.swift */; };
		02C11C9823C38F5400920674 /* Intents.intentdefinition in Sources */ = {isa = PBXBuildFile; fileRef = 02C11C8C23C38AAC00920674 /* Intents.intentdefinition */; settings = {ATTRIBUTES = (no_codegen, ); }; };
		02C11C9D23C3932700920674 /* WakeDeviceIntentHandler.swift in Sources */ = {isa = PBXBuildFile; fileRef = 02C11C9A23C3915900920674 /* WakeDeviceIntentHandler.swift */; };
		02D5785923C03684001FA8A5 /* AppDelegate.swift in Sources */ = {isa = PBXBuildFile; fileRef = 02D5785823C03684001FA8A5 /* AppDelegate.swift */; };
		02D5785B23C03684001FA8A5 /* SceneDelegate.swift in Sources */ = {isa = PBXBuildFile; fileRef = 02D5785A23C03684001FA8A5 /* SceneDelegate.swift */; };
		02D5786023C03684001FA8A5 /* Main.storyboard in Resources */ = {isa = PBXBuildFile; fileRef = 02D5785E23C03684001FA8A5 /* Main.storyboard */; };
		02D5786523C03685001FA8A5 /* Assets.xcassets in Resources */ = {isa = PBXBuildFile; fileRef = 02D5786423C03685001FA8A5 /* Assets.xcassets */; };
		02D5786823C03685001FA8A5 /* LaunchScreen.storyboard in Resources */ = {isa = PBXBuildFile; fileRef = 02D5786623C03685001FA8A5 /* LaunchScreen.storyboard */; };
		02D8486D23C057ED00675A14 /* AddingDeviceTableViewController.swift in Sources */ = {isa = PBXBuildFile; fileRef = 02D8486C23C057ED00675A14 /* AddingDeviceTableViewController.swift */; };
/* End PBXBuildFile section */

/* Begin PBXContainerItemProxy section */
		020208AA23C2EDF400159427 /* PBXContainerItemProxy */ = {
			isa = PBXContainerItemProxy;
			containerPortal = 02D5784D23C03684001FA8A5 /* Project object */;
			proxyType = 1;
			remoteGlobalIDString = 020208A423C2EDF400159427;
			remoteInfo = SwolKit;
		};
		02C11C7F23C389EB00920674 /* PBXContainerItemProxy */ = {
			isa = PBXContainerItemProxy;
			containerPortal = 02D5784D23C03684001FA8A5 /* Project object */;
			proxyType = 1;
			remoteGlobalIDString = 02C11C6723C389EB00920674;
			remoteInfo = SWoLIntents;
		};
/* End PBXContainerItemProxy section */

/* Begin PBXCopyFilesBuildPhase section */
		020208AE23C2EDF400159427 /* Embed Frameworks */ = {
			isa = PBXCopyFilesBuildPhase;
			buildActionMask = 2147483647;
			dstPath = "";
			dstSubfolderSpec = 10;
			files = (
				020208AD23C2EDF400159427 /* SwolKit.framework in Embed Frameworks */,
			);
			name = "Embed Frameworks";
			runOnlyForDeploymentPostprocessing = 0;
		};
		02C11C8823C389EB00920674 /* Embed App Extensions */ = {
			isa = PBXCopyFilesBuildPhase;
			buildActionMask = 2147483647;
			dstPath = "";
			dstSubfolderSpec = 13;
			files = (
				02C11C8123C389EB00920674 /* SWoLIntents.appex in Embed App Extensions */,
			);
			name = "Embed App Extensions";
			runOnlyForDeploymentPostprocessing = 0;
		};
/* End PBXCopyFilesBuildPhase section */

/* Begin PBXFileReference section */
		020208A523C2EDF400159427 /* SwolKit.framework */ = {isa = PBXFileReference; explicitFileType = wrapper.framework; includeInIndex = 0; path = SwolKit.framework; sourceTree = BUILT_PRODUCTS_DIR; };
		020208A723C2EDF400159427 /* SwolKit.h */ = {isa = PBXFileReference; lastKnownFileType = sourcecode.c.h; path = SwolKit.h; sourceTree = "<group>"; };
		020208A823C2EDF400159427 /* Info.plist */ = {isa = PBXFileReference; lastKnownFileType = text.plist.xml; path = Info.plist; sourceTree = "<group>"; };
		020208B323C2EE9E00159427 /* Swol.xcdatamodel */ = {isa = PBXFileReference; lastKnownFileType = wrapper.xcdatamodel; path = Swol.xcdatamodel; sourceTree = "<group>"; };
		020208B523C2EED000159427 /* Device+CoreDataClass.swift */ = {isa = PBXFileReference; lastKnownFileType = sourcecode.swift; path = "Device+CoreDataClass.swift"; sourceTree = "<group>"; };
		020208B623C2EED000159427 /* Device+CoreDataProperties.swift */ = {isa = PBXFileReference; lastKnownFileType = sourcecode.swift; path = "Device+CoreDataProperties.swift"; sourceTree = "<group>"; };
		020208C523C2F36400159427 /* DataController.swift */ = {isa = PBXFileReference; lastKnownFileType = sourcecode.swift; path = DataController.swift; sourceTree = "<group>"; };
		020208C923C2F41500159427 /* StringExtension.swift */ = {isa = PBXFileReference; lastKnownFileType = sourcecode.swift; path = StringExtension.swift; sourceTree = "<group>"; };
		0211BAB523C4085F00867893 /* DetailViewController.swift */ = {isa = PBXFileReference; lastKnownFileType = sourcecode.swift; path = DetailViewController.swift; sourceTree = "<group>"; };
		024024BD23C048500065B8DD /* en */ = {isa = PBXFileReference; lastKnownFileType = text.plist.strings; name = en; path = en.lproj/Localizable.strings; sourceTree = "<group>"; };
		024024C023C050830065B8DD /* TextTableViewCell.swift */ = {isa = PBXFileReference; lastKnownFileType = sourcecode.swift; path = TextTableViewCell.swift; sourceTree = "<group>"; };
		024024C223C050D70065B8DD /* TextTableViewCell.xib */ = {isa = PBXFileReference; lastKnownFileType = file.xib; path = TextTableViewCell.xib; sourceTree = "<group>"; };
		028801B923C396D60079D8F6 /* NSUserActivities + IntentData.swift */ = {isa = PBXFileReference; lastKnownFileType = sourcecode.swift; path = "NSUserActivities + IntentData.swift"; sourceTree = "<group>"; };
		0289B22823C03DE300D610AB /* DevicesTableViewController.swift */ = {isa = PBXFileReference; lastKnownFileType = sourcecode.swift; path = DevicesTableViewController.swift; sourceTree = "<group>"; };
		02942E5623C3F4F700EB2148 /* SWoLIntents.entitlements */ = {isa = PBXFileReference; lastKnownFileType = text.plist.entitlements; path = SWoLIntents.entitlements; sourceTree = "<group>"; };
		02942E5723C3F6E800EB2148 /* NSPersistentContainer.swift */ = {isa = PBXFileReference; lastKnownFileType = sourcecode.swift; path = NSPersistentContainer.swift; sourceTree = "<group>"; };
		02C11C6823C389EB00920674 /* SWoLIntents.appex */ = {isa = PBXFileReference; explicitFileType = "wrapper.app-extension"; includeInIndex = 0; path = SWoLIntents.appex; sourceTree = BUILT_PRODUCTS_DIR; };
		02C11C6A23C389EB00920674 /* IntentHandler.swift */ = {isa = PBXFileReference; lastKnownFileType = sourcecode.swift; path = IntentHandler.swift; sourceTree = "<group>"; };
		02C11C6C23C389EB00920674 /* Info.plist */ = {isa = PBXFileReference; lastKnownFileType = text.plist.xml; path = Info.plist; sourceTree = "<group>"; };
		02C11C7323C389EB00920674 /* IntentsUI.framework */ = {isa = PBXFileReference; lastKnownFileType = wrapper.framework; name = IntentsUI.framework; path = System/Library/Frameworks/IntentsUI.framework; sourceTree = SDKROOT; };
		02C11C8923C38A6800920674 /* SWoL.entitlements */ = {isa = PBXFileReference; lastKnownFileType = text.plist.entitlements; path = SWoL.entitlements; sourceTree = "<group>"; };
		02C11C8C23C38AAC00920674 /* Intents.intentdefinition */ = {isa = PBXFileReference; lastKnownFileType = file.intentdefinition; path = Intents.intentdefinition; sourceTree = "<group>"; };
		02C11C8E23C38D5400920674 /* Device + Intents.swift */ = {isa = PBXFileReference; lastKnownFileType = sourcecode.swift; path = "Device + Intents.swift"; sourceTree = "<group>"; };
		02C11C9A23C3915900920674 /* WakeDeviceIntentHandler.swift */ = {isa = PBXFileReference; lastKnownFileType = sourcecode.swift; path = WakeDeviceIntentHandler.swift; sourceTree = "<group>"; };
		02D5785523C03684001FA8A5 /* SWoL.app */ = {isa = PBXFileReference; explicitFileType = wrapper.application; includeInIndex = 0; path = SWoL.app; sourceTree = BUILT_PRODUCTS_DIR; };
		02D5785823C03684001FA8A5 /* AppDelegate.swift */ = {isa = PBXFileReference; lastKnownFileType = sourcecode.swift; path = AppDelegate.swift; sourceTree = "<group>"; };
		02D5785A23C03684001FA8A5 /* SceneDelegate.swift */ = {isa = PBXFileReference; lastKnownFileType = sourcecode.swift; path = SceneDelegate.swift; sourceTree = "<group>"; };
		02D5785F23C03684001FA8A5 /* Base */ = {isa = PBXFileReference; lastKnownFileType = file.storyboard; name = Base; path = Base.lproj/Main.storyboard; sourceTree = "<group>"; };
		02D5786423C03685001FA8A5 /* Assets.xcassets */ = {isa = PBXFileReference; lastKnownFileType = folder.assetcatalog; path = Assets.xcassets; sourceTree = "<group>"; };
		02D5786723C03685001FA8A5 /* Base */ = {isa = PBXFileReference; lastKnownFileType = file.storyboard; name = Base; path = Base.lproj/LaunchScreen.storyboard; sourceTree = "<group>"; };
		02D5786923C03685001FA8A5 /* Info.plist */ = {isa = PBXFileReference; lastKnownFileType = text.plist.xml; path = Info.plist; sourceTree = "<group>"; };
		02D5786F23C03693001FA8A5 /* Awake.swift */ = {isa = PBXFileReference; lastKnownFileType = sourcecode.swift; path = Awake.swift; sourceTree = "<group>"; };
		02D8486C23C057ED00675A14 /* AddingDeviceTableViewController.swift */ = {isa = PBXFileReference; lastKnownFileType = sourcecode.swift; path = AddingDeviceTableViewController.swift; sourceTree = "<group>"; };
/* End PBXFileReference section */

/* Begin PBXFrameworksBuildPhase section */
		020208A223C2EDF400159427 /* Frameworks */ = {
			isa = PBXFrameworksBuildPhase;
			buildActionMask = 2147483647;
			files = (
			);
			runOnlyForDeploymentPostprocessing = 0;
		};
		02C11C6523C389EB00920674 /* Frameworks */ = {
			isa = PBXFrameworksBuildPhase;
			buildActionMask = 2147483647;
			files = (
			);
			runOnlyForDeploymentPostprocessing = 0;
		};
		02D5785223C03684001FA8A5 /* Frameworks */ = {
			isa = PBXFrameworksBuildPhase;
			buildActionMask = 2147483647;
			files = (
				020208AC23C2EDF400159427 /* SwolKit.framework in Frameworks */,
			);
			runOnlyForDeploymentPostprocessing = 0;
		};
/* End PBXFrameworksBuildPhase section */

/* Begin PBXGroup section */
		020208A623C2EDF400159427 /* SwolKit */ = {
			isa = PBXGroup;
			children = (
				02D5786F23C03693001FA8A5 /* Awake.swift */,
				02942E5723C3F6E800EB2148 /* NSPersistentContainer.swift */,
				020208C523C2F36400159427 /* DataController.swift */,
				020208B923C2EEF900159427 /* Model */,
				020208A723C2EDF400159427 /* SwolKit.h */,
				020208A823C2EDF400159427 /* Info.plist */,
			);
			path = SwolKit;
			sourceTree = "<group>";
		};
		020208B923C2EEF900159427 /* Model */ = {
			isa = PBXGroup;
			children = (
				020208B223C2EE9E00159427 /* DataModel.xcdatamodeld */,
				020208B523C2EED000159427 /* Device+CoreDataClass.swift */,
				020208B623C2EED000159427 /* Device+CoreDataProperties.swift */,
			);
			path = Model;
			sourceTree = "<group>";
		};
		024024BF23C050720065B8DD /* TableViewCells */ = {
			isa = PBXGroup;
			children = (
				024024C023C050830065B8DD /* TextTableViewCell.swift */,
				024024C223C050D70065B8DD /* TextTableViewCell.xib */,
			);
			path = TableViewCells;
			sourceTree = "<group>";
		};
		028801B823C396C10079D8F6 /* Support */ = {
			isa = PBXGroup;
			children = (
				028801B923C396D60079D8F6 /* NSUserActivities + IntentData.swift */,
			);
			path = Support;
			sourceTree = "<group>";
		};
		0289B22B23C03DF500D610AB /* View */ = {
			isa = PBXGroup;
			children = (
				024024BF23C050720065B8DD /* TableViewCells */,
				02D5785E23C03684001FA8A5 /* Main.storyboard */,
			);
			path = View;
			sourceTree = "<group>";
		};
		0289B22C23C03DF900D610AB /* Controller */ = {
			isa = PBXGroup;
			children = (
				0289B22823C03DE300D610AB /* DevicesTableViewController.swift */,
				02D8486C23C057ED00675A14 /* AddingDeviceTableViewController.swift */,
				0211BAB523C4085F00867893 /* DetailViewController.swift */,
			);
			path = Controller;
			sourceTree = "<group>";
		};
		02C11C6323C3888500920674 /* Shared */ = {
			isa = PBXGroup;
			children = (
				020208C923C2F41500159427 /* StringExtension.swift */,
				028801B823C396C10079D8F6 /* Support */,
				02C11C8C23C38AAC00920674 /* Intents.intentdefinition */,
				024024BE23C048500065B8DD /* Localizable.strings */,
				02C11C8E23C38D5400920674 /* Device + Intents.swift */,
				02C11C9A23C3915900920674 /* WakeDeviceIntentHandler.swift */,
			);
			path = Shared;
			sourceTree = "<group>";
		};
		02C11C6923C389EB00920674 /* SWoLIntents */ = {
			isa = PBXGroup;
			children = (
				02942E5623C3F4F700EB2148 /* SWoLIntents.entitlements */,
				02C11C6A23C389EB00920674 /* IntentHandler.swift */,
				02C11C6C23C389EB00920674 /* Info.plist */,
			);
			path = SWoLIntents;
			sourceTree = "<group>";
		};
		02C11C7223C389EB00920674 /* Frameworks */ = {
			isa = PBXGroup;
			children = (
				02C11C7323C389EB00920674 /* IntentsUI.framework */,
			);
			name = Frameworks;
			sourceTree = "<group>";
		};
		02D5784C23C03684001FA8A5 = {
			isa = PBXGroup;
			children = (
				02C11C6323C3888500920674 /* Shared */,
				02D5785723C03684001FA8A5 /* SWoL */,
				020208A623C2EDF400159427 /* SwolKit */,
				02C11C6923C389EB00920674 /* SWoLIntents */,
				02C11C7223C389EB00920674 /* Frameworks */,
				02D5785623C03684001FA8A5 /* Products */,
			);
			sourceTree = "<group>";
		};
		02D5785623C03684001FA8A5 /* Products */ = {
			isa = PBXGroup;
			children = (
				02D5785523C03684001FA8A5 /* SWoL.app */,
				020208A523C2EDF400159427 /* SwolKit.framework */,
				02C11C6823C389EB00920674 /* SWoLIntents.appex */,
			);
			name = Products;
			sourceTree = "<group>";
		};
		02D5785723C03684001FA8A5 /* SWoL */ = {
			isa = PBXGroup;
			children = (
				02C11C8923C38A6800920674 /* SWoL.entitlements */,
				0289B22C23C03DF900D610AB /* Controller */,
				0289B22B23C03DF500D610AB /* View */,
				02D5785823C03684001FA8A5 /* AppDelegate.swift */,
				02D5785A23C03684001FA8A5 /* SceneDelegate.swift */,
				02D5786423C03685001FA8A5 /* Assets.xcassets */,
				02D5786623C03685001FA8A5 /* LaunchScreen.storyboard */,
				02D5786923C03685001FA8A5 /* Info.plist */,
			);
			path = SWoL;
			sourceTree = "<group>";
		};
/* End PBXGroup section */

/* Begin PBXHeadersBuildPhase section */
		020208A023C2EDF400159427 /* Headers */ = {
			isa = PBXHeadersBuildPhase;
			buildActionMask = 2147483647;
			files = (
				020208A923C2EDF400159427 /* SwolKit.h in Headers */,
			);
			runOnlyForDeploymentPostprocessing = 0;
		};
/* End PBXHeadersBuildPhase section */

/* Begin PBXNativeTarget section */
		020208A423C2EDF400159427 /* SwolKit */ = {
			isa = PBXNativeTarget;
			buildConfigurationList = 020208B123C2EDF400159427 /* Build configuration list for PBXNativeTarget "SwolKit" */;
			buildPhases = (
				020208A023C2EDF400159427 /* Headers */,
				020208A123C2EDF400159427 /* Sources */,
				020208A223C2EDF400159427 /* Frameworks */,
				020208A323C2EDF400159427 /* Resources */,
			);
			buildRules = (
			);
			dependencies = (
			);
			name = SwolKit;
			productName = SwolKit;
			productReference = 020208A523C2EDF400159427 /* SwolKit.framework */;
			productType = "com.apple.product-type.framework";
		};
		02C11C6723C389EB00920674 /* SWoLIntents */ = {
			isa = PBXNativeTarget;
			buildConfigurationList = 02C11C8523C389EB00920674 /* Build configuration list for PBXNativeTarget "SWoLIntents" */;
			buildPhases = (
				02C11C6423C389EB00920674 /* Sources */,
				02C11C6523C389EB00920674 /* Frameworks */,
				02C11C6623C389EB00920674 /* Resources */,
			);
			buildRules = (
			);
			dependencies = (
			);
			name = SWoLIntents;
			productName = SWoLIntents;
			productReference = 02C11C6823C389EB00920674 /* SWoLIntents.appex */;
			productType = "com.apple.product-type.app-extension";
		};
		02D5785423C03684001FA8A5 /* SWoL */ = {
			isa = PBXNativeTarget;
			buildConfigurationList = 02D5786C23C03685001FA8A5 /* Build configuration list for PBXNativeTarget "SWoL" */;
			buildPhases = (
				02D5785123C03684001FA8A5 /* Sources */,
				02D5785223C03684001FA8A5 /* Frameworks */,
				02D5785323C03684001FA8A5 /* Resources */,
				020208AE23C2EDF400159427 /* Embed Frameworks */,
				02C11C8823C389EB00920674 /* Embed App Extensions */,
			);
			buildRules = (
			);
			dependencies = (
				020208AB23C2EDF400159427 /* PBXTargetDependency */,
				02C11C8023C389EB00920674 /* PBXTargetDependency */,
			);
			name = SWoL;
			productName = SWoL;
			productReference = 02D5785523C03684001FA8A5 /* SWoL.app */;
			productType = "com.apple.product-type.application";
		};
/* End PBXNativeTarget section */

/* Begin PBXProject section */
		02D5784D23C03684001FA8A5 /* Project object */ = {
			isa = PBXProject;
			attributes = {
				LastSwiftUpdateCheck = 1130;
				LastUpgradeCheck = 1130;
				ORGANIZATIONNAME = "Pedro Giuliano Farina";
				TargetAttributes = {
					020208A423C2EDF400159427 = {
						CreatedOnToolsVersion = 11.3;
						LastSwiftMigration = 1130;
					};
					02C11C6723C389EB00920674 = {
						CreatedOnToolsVersion = 11.3;
					};
					02D5785423C03684001FA8A5 = {
						CreatedOnToolsVersion = 11.3;
					};
				};
			};
			buildConfigurationList = 02D5785023C03684001FA8A5 /* Build configuration list for PBXProject "SWoL" */;
			compatibilityVersion = "Xcode 9.3";
			developmentRegion = en;
			hasScannedForEncodings = 0;
			knownRegions = (
				en,
				Base,
			);
			mainGroup = 02D5784C23C03684001FA8A5;
			productRefGroup = 02D5785623C03684001FA8A5 /* Products */;
			projectDirPath = "";
			projectRoot = "";
			targets = (
				02D5785423C03684001FA8A5 /* SWoL */,
				020208A423C2EDF400159427 /* SwolKit */,
				02C11C6723C389EB00920674 /* SWoLIntents */,
			);
		};
/* End PBXProject section */

/* Begin PBXResourcesBuildPhase section */
		020208A323C2EDF400159427 /* Resources */ = {
			isa = PBXResourcesBuildPhase;
			buildActionMask = 2147483647;
			files = (
				02C11C9023C38D7000920674 /* Localizable.strings in Resources */,
			);
			runOnlyForDeploymentPostprocessing = 0;
		};
		02C11C6623C389EB00920674 /* Resources */ = {
			isa = PBXResourcesBuildPhase;
			buildActionMask = 2147483647;
			files = (
				02C11C9123C38D7100920674 /* Localizable.strings in Resources */,
			);
			runOnlyForDeploymentPostprocessing = 0;
		};
		02D5785323C03684001FA8A5 /* Resources */ = {
			isa = PBXResourcesBuildPhase;
			buildActionMask = 2147483647;
			files = (
				02D5786823C03685001FA8A5 /* LaunchScreen.storyboard in Resources */,
				024024C323C050D70065B8DD /* TextTableViewCell.xib in Resources */,
				024024BC23C048500065B8DD /* Localizable.strings in Resources */,
				02D5786523C03685001FA8A5 /* Assets.xcassets in Resources */,
				02D5786023C03684001FA8A5 /* Main.storyboard in Resources */,
			);
			runOnlyForDeploymentPostprocessing = 0;
		};
/* End PBXResourcesBuildPhase section */

/* Begin PBXSourcesBuildPhase section */
		020208A123C2EDF400159427 /* Sources */ = {
			isa = PBXSourcesBuildPhase;
			buildActionMask = 2147483647;
			files = (
				020208CA23C2F41500159427 /* StringExtension.swift in Sources */,
				02942E5823C3F6E800EB2148 /* NSPersistentContainer.swift in Sources */,
				020208C623C2F36400159427 /* DataController.swift in Sources */,
				0211BAB323C3FAE200867893 /* Intents.intentdefinition in Sources */,
				02C11C9623C38EDF00920674 /* Device + Intents.swift in Sources */,
				02C11C9D23C3932700920674 /* WakeDeviceIntentHandler.swift in Sources */,
				020208B423C2EE9E00159427 /* DataModel.xcdatamodeld in Sources */,
				020208B823C2EED000159427 /* Device+CoreDataProperties.swift in Sources */,
				028801BE23C398BA0079D8F6 /* NSUserActivities + IntentData.swift in Sources */,
				020208B723C2EED000159427 /* Device+CoreDataClass.swift in Sources */,
				020208C423C2F0C600159427 /* Awake.swift in Sources */,
			);
			runOnlyForDeploymentPostprocessing = 0;
		};
		02C11C6423C389EB00920674 /* Sources */ = {
			isa = PBXSourcesBuildPhase;
			buildActionMask = 2147483647;
			files = (
				02C11C8D23C38AAC00920674 /* Intents.intentdefinition in Sources */,
				0211BAB123C3FAD400867893 /* DataModel.xcdatamodeld in Sources */,
				02C11C6B23C389EB00920674 /* IntentHandler.swift in Sources */,
			);
			runOnlyForDeploymentPostprocessing = 0;
		};
		02D5785123C03684001FA8A5 /* Sources */ = {
			isa = PBXSourcesBuildPhase;
			buildActionMask = 2147483647;
			files = (
				0211BAB623C4085F00867893 /* DetailViewController.swift in Sources */,
				0289B22923C03DE300D610AB /* DevicesTableViewController.swift in Sources */,
				02D5785923C03684001FA8A5 /* AppDelegate.swift in Sources */,
				024024C123C050830065B8DD /* TextTableViewCell.swift in Sources */,
				02D5785B23C03684001FA8A5 /* SceneDelegate.swift in Sources */,
				0211BAB423C4080000867893 /* StringExtension.swift in Sources */,
				02C11C9823C38F5400920674 /* Intents.intentdefinition in Sources */,
				02942E5523C3F4AB00EB2148 /* DataModel.xcdatamodeld in Sources */,
				02D8486D23C057ED00675A14 /* AddingDeviceTableViewController.swift in Sources */,
			);
			runOnlyForDeploymentPostprocessing = 0;
		};
/* End PBXSourcesBuildPhase section */

/* Begin PBXTargetDependency section */
		020208AB23C2EDF400159427 /* PBXTargetDependency */ = {
			isa = PBXTargetDependency;
			target = 020208A423C2EDF400159427 /* SwolKit */;
			targetProxy = 020208AA23C2EDF400159427 /* PBXContainerItemProxy */;
		};
		02C11C8023C389EB00920674 /* PBXTargetDependency */ = {
			isa = PBXTargetDependency;
			target = 02C11C6723C389EB00920674 /* SWoLIntents */;
			targetProxy = 02C11C7F23C389EB00920674 /* PBXContainerItemProxy */;
		};
/* End PBXTargetDependency section */

/* Begin PBXVariantGroup section */
		024024BE23C048500065B8DD /* Localizable.strings */ = {
			isa = PBXVariantGroup;
			children = (
				024024BD23C048500065B8DD /* en */,
			);
			name = Localizable.strings;
			sourceTree = "<group>";
		};
		02D5785E23C03684001FA8A5 /* Main.storyboard */ = {
			isa = PBXVariantGroup;
			children = (
				02D5785F23C03684001FA8A5 /* Base */,
			);
			name = Main.storyboard;
			sourceTree = "<group>";
		};
		02D5786623C03685001FA8A5 /* LaunchScreen.storyboard */ = {
			isa = PBXVariantGroup;
			children = (
				02D5786723C03685001FA8A5 /* Base */,
			);
			name = LaunchScreen.storyboard;
			sourceTree = "<group>";
		};
/* End PBXVariantGroup section */

/* Begin XCBuildConfiguration section */
		020208AF23C2EDF400159427 /* Debug */ = {
			isa = XCBuildConfiguration;
			buildSettings = {
				CLANG_ENABLE_MODULES = YES;
				CODE_SIGN_STYLE = Automatic;
				CURRENT_PROJECT_VERSION = 1;
				DEFINES_MODULE = YES;
				DEVELOPMENT_TEAM = BVZY57RJZG;
				DYLIB_COMPATIBILITY_VERSION = 1;
				DYLIB_CURRENT_VERSION = 1;
				DYLIB_INSTALL_NAME_BASE = "@rpath";
				INFOPLIST_FILE = SwolKit/Info.plist;
				INSTALL_PATH = "$(LOCAL_LIBRARY_DIR)/Frameworks";
				LD_RUNPATH_SEARCH_PATHS = (
					"$(inherited)",
					"@executable_path/Frameworks",
					"@loader_path/Frameworks",
				);
				PRODUCT_BUNDLE_IDENTIFIER = PGF.SwolKit;
				PRODUCT_NAME = "$(TARGET_NAME:c99extidentifier)";
				SKIP_INSTALL = YES;
				SWIFT_OPTIMIZATION_LEVEL = "-Onone";
				SWIFT_VERSION = 5.0;
				TARGETED_DEVICE_FAMILY = "1,2";
				VERSIONING_SYSTEM = "apple-generic";
				VERSION_INFO_PREFIX = "";
			};
			name = Debug;
		};
		020208B023C2EDF400159427 /* Release */ = {
			isa = XCBuildConfiguration;
			buildSettings = {
				CLANG_ENABLE_MODULES = YES;
				CODE_SIGN_STYLE = Automatic;
				CURRENT_PROJECT_VERSION = 1;
				DEFINES_MODULE = YES;
				DEVELOPMENT_TEAM = BVZY57RJZG;
				DYLIB_COMPATIBILITY_VERSION = 1;
				DYLIB_CURRENT_VERSION = 1;
				DYLIB_INSTALL_NAME_BASE = "@rpath";
				INFOPLIST_FILE = SwolKit/Info.plist;
				INSTALL_PATH = "$(LOCAL_LIBRARY_DIR)/Frameworks";
				LD_RUNPATH_SEARCH_PATHS = (
					"$(inherited)",
					"@executable_path/Frameworks",
					"@loader_path/Frameworks",
				);
				PRODUCT_BUNDLE_IDENTIFIER = PGF.SwolKit;
				PRODUCT_NAME = "$(TARGET_NAME:c99extidentifier)";
				SKIP_INSTALL = YES;
				SWIFT_VERSION = 5.0;
				TARGETED_DEVICE_FAMILY = "1,2";
				VERSIONING_SYSTEM = "apple-generic";
				VERSION_INFO_PREFIX = "";
			};
			name = Release;
		};
		02C11C8623C389EB00920674 /* Debug */ = {
			isa = XCBuildConfiguration;
			buildSettings = {
				CODE_SIGN_ENTITLEMENTS = SWoLIntents/SWoLIntents.entitlements;
				CODE_SIGN_STYLE = Automatic;
				DEVELOPMENT_TEAM = BVZY57RJZG;
				INFOPLIST_FILE = SWoLIntents/Info.plist;
				LD_RUNPATH_SEARCH_PATHS = (
					"$(inherited)",
					"@executable_path/Frameworks",
					"@executable_path/../../Frameworks",
				);
				PRODUCT_BUNDLE_IDENTIFIER = PGF.SWoL.SWoLIntents;
				PRODUCT_NAME = "$(TARGET_NAME)";
				SKIP_INSTALL = YES;
				SWIFT_VERSION = 5.0;
				TARGETED_DEVICE_FAMILY = "1,2";
			};
			name = Debug;
		};
		02C11C8723C389EB00920674 /* Release */ = {
			isa = XCBuildConfiguration;
			buildSettings = {
				CODE_SIGN_ENTITLEMENTS = SWoLIntents/SWoLIntents.entitlements;
				CODE_SIGN_STYLE = Automatic;
				DEVELOPMENT_TEAM = BVZY57RJZG;
				INFOPLIST_FILE = SWoLIntents/Info.plist;
				LD_RUNPATH_SEARCH_PATHS = (
					"$(inherited)",
					"@executable_path/Frameworks",
					"@executable_path/../../Frameworks",
				);
				PRODUCT_BUNDLE_IDENTIFIER = PGF.SWoL.SWoLIntents;
				PRODUCT_NAME = "$(TARGET_NAME)";
				SKIP_INSTALL = YES;
				SWIFT_VERSION = 5.0;
				TARGETED_DEVICE_FAMILY = "1,2";
			};
			name = Release;
		};
		02D5786A23C03685001FA8A5 /* Debug */ = {
			isa = XCBuildConfiguration;
			buildSettings = {
				ALWAYS_SEARCH_USER_PATHS = NO;
				CLANG_ANALYZER_NONNULL = YES;
				CLANG_ANALYZER_NUMBER_OBJECT_CONVERSION = YES_AGGRESSIVE;
				CLANG_CXX_LANGUAGE_STANDARD = "gnu++14";
				CLANG_CXX_LIBRARY = "libc++";
				CLANG_ENABLE_MODULES = YES;
				CLANG_ENABLE_OBJC_ARC = YES;
				CLANG_ENABLE_OBJC_WEAK = YES;
				CLANG_WARN_BLOCK_CAPTURE_AUTORELEASING = YES;
				CLANG_WARN_BOOL_CONVERSION = YES;
				CLANG_WARN_COMMA = YES;
				CLANG_WARN_CONSTANT_CONVERSION = YES;
				CLANG_WARN_DEPRECATED_OBJC_IMPLEMENTATIONS = YES;
				CLANG_WARN_DIRECT_OBJC_ISA_USAGE = YES_ERROR;
				CLANG_WARN_DOCUMENTATION_COMMENTS = YES;
				CLANG_WARN_EMPTY_BODY = YES;
				CLANG_WARN_ENUM_CONVERSION = YES;
				CLANG_WARN_INFINITE_RECURSION = YES;
				CLANG_WARN_INT_CONVERSION = YES;
				CLANG_WARN_NON_LITERAL_NULL_CONVERSION = YES;
				CLANG_WARN_OBJC_IMPLICIT_RETAIN_SELF = YES;
				CLANG_WARN_OBJC_LITERAL_CONVERSION = YES;
				CLANG_WARN_OBJC_ROOT_CLASS = YES_ERROR;
				CLANG_WARN_RANGE_LOOP_ANALYSIS = YES;
				CLANG_WARN_STRICT_PROTOTYPES = YES;
				CLANG_WARN_SUSPICIOUS_MOVE = YES;
				CLANG_WARN_UNGUARDED_AVAILABILITY = YES_AGGRESSIVE;
				CLANG_WARN_UNREACHABLE_CODE = YES;
				CLANG_WARN__DUPLICATE_METHOD_MATCH = YES;
				COPY_PHASE_STRIP = NO;
				DEBUG_INFORMATION_FORMAT = dwarf;
				ENABLE_STRICT_OBJC_MSGSEND = YES;
				ENABLE_TESTABILITY = YES;
				GCC_C_LANGUAGE_STANDARD = gnu11;
				GCC_DYNAMIC_NO_PIC = NO;
				GCC_NO_COMMON_BLOCKS = YES;
				GCC_OPTIMIZATION_LEVEL = 0;
				GCC_PREPROCESSOR_DEFINITIONS = (
					"DEBUG=1",
					"$(inherited)",
				);
				GCC_WARN_64_TO_32_BIT_CONVERSION = YES;
				GCC_WARN_ABOUT_RETURN_TYPE = YES_ERROR;
				GCC_WARN_UNDECLARED_SELECTOR = YES;
				GCC_WARN_UNINITIALIZED_AUTOS = YES_AGGRESSIVE;
				GCC_WARN_UNUSED_FUNCTION = YES;
				GCC_WARN_UNUSED_VARIABLE = YES;
				IPHONEOS_DEPLOYMENT_TARGET = 13.2;
				MTL_ENABLE_DEBUG_INFO = INCLUDE_SOURCE;
				MTL_FAST_MATH = YES;
				ONLY_ACTIVE_ARCH = YES;
				SDKROOT = iphoneos;
				SWIFT_ACTIVE_COMPILATION_CONDITIONS = DEBUG;
				SWIFT_OPTIMIZATION_LEVEL = "-Onone";
			};
			name = Debug;
		};
		02D5786B23C03685001FA8A5 /* Release */ = {
			isa = XCBuildConfiguration;
			buildSettings = {
				ALWAYS_SEARCH_USER_PATHS = NO;
				CLANG_ANALYZER_NONNULL = YES;
				CLANG_ANALYZER_NUMBER_OBJECT_CONVERSION = YES_AGGRESSIVE;
				CLANG_CXX_LANGUAGE_STANDARD = "gnu++14";
				CLANG_CXX_LIBRARY = "libc++";
				CLANG_ENABLE_MODULES = YES;
				CLANG_ENABLE_OBJC_ARC = YES;
				CLANG_ENABLE_OBJC_WEAK = YES;
				CLANG_WARN_BLOCK_CAPTURE_AUTORELEASING = YES;
				CLANG_WARN_BOOL_CONVERSION = YES;
				CLANG_WARN_COMMA = YES;
				CLANG_WARN_CONSTANT_CONVERSION = YES;
				CLANG_WARN_DEPRECATED_OBJC_IMPLEMENTATIONS = YES;
				CLANG_WARN_DIRECT_OBJC_ISA_USAGE = YES_ERROR;
				CLANG_WARN_DOCUMENTATION_COMMENTS = YES;
				CLANG_WARN_EMPTY_BODY = YES;
				CLANG_WARN_ENUM_CONVERSION = YES;
				CLANG_WARN_INFINITE_RECURSION = YES;
				CLANG_WARN_INT_CONVERSION = YES;
				CLANG_WARN_NON_LITERAL_NULL_CONVERSION = YES;
				CLANG_WARN_OBJC_IMPLICIT_RETAIN_SELF = YES;
				CLANG_WARN_OBJC_LITERAL_CONVERSION = YES;
				CLANG_WARN_OBJC_ROOT_CLASS = YES_ERROR;
				CLANG_WARN_RANGE_LOOP_ANALYSIS = YES;
				CLANG_WARN_STRICT_PROTOTYPES = YES;
				CLANG_WARN_SUSPICIOUS_MOVE = YES;
				CLANG_WARN_UNGUARDED_AVAILABILITY = YES_AGGRESSIVE;
				CLANG_WARN_UNREACHABLE_CODE = YES;
				CLANG_WARN__DUPLICATE_METHOD_MATCH = YES;
				COPY_PHASE_STRIP = NO;
				DEBUG_INFORMATION_FORMAT = "dwarf-with-dsym";
				ENABLE_NS_ASSERTIONS = NO;
				ENABLE_STRICT_OBJC_MSGSEND = YES;
				GCC_C_LANGUAGE_STANDARD = gnu11;
				GCC_NO_COMMON_BLOCKS = YES;
				GCC_WARN_64_TO_32_BIT_CONVERSION = YES;
				GCC_WARN_ABOUT_RETURN_TYPE = YES_ERROR;
				GCC_WARN_UNDECLARED_SELECTOR = YES;
				GCC_WARN_UNINITIALIZED_AUTOS = YES_AGGRESSIVE;
				GCC_WARN_UNUSED_FUNCTION = YES;
				GCC_WARN_UNUSED_VARIABLE = YES;
				IPHONEOS_DEPLOYMENT_TARGET = 13.2;
				MTL_ENABLE_DEBUG_INFO = NO;
				MTL_FAST_MATH = YES;
				SDKROOT = iphoneos;
				SWIFT_COMPILATION_MODE = wholemodule;
				SWIFT_OPTIMIZATION_LEVEL = "-O";
				VALIDATE_PRODUCT = YES;
			};
			name = Release;
		};
		02D5786D23C03685001FA8A5 /* Debug */ = {
			isa = XCBuildConfiguration;
			buildSettings = {
				ALWAYS_EMBED_SWIFT_STANDARD_LIBRARIES = YES;
				ASSETCATALOG_COMPILER_APPICON_NAME = AppIcon;
				CODE_SIGN_ENTITLEMENTS = SWoL/SWoL.entitlements;
				CODE_SIGN_STYLE = Automatic;
				DEVELOPMENT_TEAM = BVZY57RJZG;
				INFOPLIST_FILE = SWoL/Info.plist;
				LD_RUNPATH_SEARCH_PATHS = (
					"$(inherited)",
					"@executable_path/Frameworks",
				);
				PRODUCT_BUNDLE_IDENTIFIER = PGF.SWoL;
				PRODUCT_NAME = "$(TARGET_NAME)";
				SWIFT_VERSION = 5.0;
				TARGETED_DEVICE_FAMILY = "1,2";
			};
			name = Debug;
		};
		02D5786E23C03685001FA8A5 /* Release */ = {
			isa = XCBuildConfiguration;
			buildSettings = {
				ALWAYS_EMBED_SWIFT_STANDARD_LIBRARIES = YES;
				ASSETCATALOG_COMPILER_APPICON_NAME = AppIcon;
				CODE_SIGN_ENTITLEMENTS = SWoL/SWoL.entitlements;
				CODE_SIGN_STYLE = Automatic;
				DEVELOPMENT_TEAM = BVZY57RJZG;
				INFOPLIST_FILE = SWoL/Info.plist;
				LD_RUNPATH_SEARCH_PATHS = (
					"$(inherited)",
					"@executable_path/Frameworks",
				);
				PRODUCT_BUNDLE_IDENTIFIER = PGF.SWoL;
				PRODUCT_NAME = "$(TARGET_NAME)";
				SWIFT_VERSION = 5.0;
				TARGETED_DEVICE_FAMILY = "1,2";
			};
			name = Release;
		};
/* End XCBuildConfiguration section */

/* Begin XCConfigurationList section */
		020208B123C2EDF400159427 /* Build configuration list for PBXNativeTarget "SwolKit" */ = {
			isa = XCConfigurationList;
			buildConfigurations = (
				020208AF23C2EDF400159427 /* Debug */,
				020208B023C2EDF400159427 /* Release */,
			);
			defaultConfigurationIsVisible = 0;
			defaultConfigurationName = Release;
		};
		02C11C8523C389EB00920674 /* Build configuration list for PBXNativeTarget "SWoLIntents" */ = {
			isa = XCConfigurationList;
			buildConfigurations = (
				02C11C8623C389EB00920674 /* Debug */,
				02C11C8723C389EB00920674 /* Release */,
			);
			defaultConfigurationIsVisible = 0;
			defaultConfigurationName = Release;
		};
		02D5785023C03684001FA8A5 /* Build configuration list for PBXProject "SWoL" */ = {
			isa = XCConfigurationList;
			buildConfigurations = (
				02D5786A23C03685001FA8A5 /* Debug */,
				02D5786B23C03685001FA8A5 /* Release */,
			);
			defaultConfigurationIsVisible = 0;
			defaultConfigurationName = Release;
		};
		02D5786C23C03685001FA8A5 /* Build configuration list for PBXNativeTarget "SWoL" */ = {
			isa = XCConfigurationList;
			buildConfigurations = (
				02D5786D23C03685001FA8A5 /* Debug */,
				02D5786E23C03685001FA8A5 /* Release */,
			);
			defaultConfigurationIsVisible = 0;
			defaultConfigurationName = Release;
		};
/* End XCConfigurationList section */

/* Begin XCVersionGroup section */
		020208B223C2EE9E00159427 /* DataModel.xcdatamodeld */ = {
			isa = XCVersionGroup;
			children = (
				020208B323C2EE9E00159427 /* Swol.xcdatamodel */,
			);
			currentVersion = 020208B323C2EE9E00159427 /* Swol.xcdatamodel */;
			path = DataModel.xcdatamodeld;
			sourceTree = "<group>";
			versionGroupType = wrapper.xcdatamodel;
		};
/* End XCVersionGroup section */
	};
	rootObject = 02D5784D23C03684001FA8A5 /* Project object */;
}
